// !$*UTF8*$!
{
	archiveVersion = 1;
	classes = {
	};
	objectVersion = 56;
	objects = {

/* Begin PBXBuildFile section */
		BB048C9B2C32C36800B92CBE /* ImageData.swift in Sources */ = {isa = PBXBuildFile; fileRef = BB048C9A2C32C36800B92CBE /* ImageData.swift */; };
		BB048C9D2C32C37C00B92CBE /* NearYou.swift in Sources */ = {isa = PBXBuildFile; fileRef = BB048C9C2C32C37C00B92CBE /* NearYou.swift */; };
		BB048C9F2C32C60400B92CBE /* FruitCard.swift in Sources */ = {isa = PBXBuildFile; fileRef = BB048C9E2C32C60400B92CBE /* FruitCard.swift */; };
		BB048CA12C32E34B00B92CBE /* DetailView.swift in Sources */ = {isa = PBXBuildFile; fileRef = BB048CA02C32E34B00B92CBE /* DetailView.swift */; };
		BB048CA32C32E4D200B92CBE /* TopSellingView.swift in Sources */ = {isa = PBXBuildFile; fileRef = BB048CA22C32E4D200B92CBE /* TopSellingView.swift */; };
		BBE644FA2C31AC870091F8CF /* fruitShopApp.swift in Sources */ = {isa = PBXBuildFile; fileRef = BBE644F92C31AC870091F8CF /* fruitShopApp.swift */; };
		BBE644FC2C31AC870091F8CF /* ContentView.swift in Sources */ = {isa = PBXBuildFile; fileRef = BBE644FB2C31AC870091F8CF /* ContentView.swift */; };
		BBE644FE2C31AC890091F8CF /* Assets.xcassets in Resources */ = {isa = PBXBuildFile; fileRef = BBE644FD2C31AC890091F8CF /* Assets.xcassets */; };
		BBE645012C31AC890091F8CF /* Preview Assets.xcassets in Resources */ = {isa = PBXBuildFile; fileRef = BBE645002C31AC890091F8CF /* Preview Assets.xcassets */; };
		BBE645082C31B2A60091F8CF /* onBoardingScreenView.swift in Sources */ = {isa = PBXBuildFile; fileRef = BBE645072C31B2A60091F8CF /* onBoardingScreenView.swift */; };
		BBE6450B2C31B2E40091F8CF /* HomeScreen.swift in Sources */ = {isa = PBXBuildFile; fileRef = BBE6450A2C31B2E40091F8CF /* HomeScreen.swift */; };
/* End PBXBuildFile section */

/* Begin PBXFileReference section */
		BB048C9A2C32C36800B92CBE /* ImageData.swift */ = {isa = PBXFileReference; lastKnownFileType = sourcecode.swift; path = ImageData.swift; sourceTree = "<group>"; };
		BB048C9C2C32C37C00B92CBE /* NearYou.swift */ = {isa = PBXFileReference; lastKnownFileType = sourcecode.swift; path = NearYou.swift; sourceTree = "<group>"; };
		BB048C9E2C32C60400B92CBE /* FruitCard.swift */ = {isa = PBXFileReference; lastKnownFileType = sourcecode.swift; path = FruitCard.swift; sourceTree = "<group>"; };
		BB048CA02C32E34B00B92CBE /* DetailView.swift */ = {isa = PBXFileReference; lastKnownFileType = sourcecode.swift; path = DetailView.swift; sourceTree = "<group>"; };
		BB048CA22C32E4D200B92CBE /* TopSellingView.swift */ = {isa = PBXFileReference; lastKnownFileType = sourcecode.swift; path = TopSellingView.swift; sourceTree = "<group>"; };
		BBE644F62C31AC870091F8CF /* fruitShop.app */ = {isa = PBXFileReference; explicitFileType = wrapper.application; includeInIndex = 0; path = fruitShop.app; sourceTree = BUILT_PRODUCTS_DIR; };
		BBE644F92C31AC870091F8CF /* fruitShopApp.swift */ = {isa = PBXFileReference; lastKnownFileType = sourcecode.swift; path = fruitShopApp.swift; sourceTree = "<group>"; };
		BBE644FB2C31AC870091F8CF /* ContentView.swift */ = {isa = PBXFileReference; lastKnownFileType = sourcecode.swift; path = ContentView.swift; sourceTree = "<group>"; };
		BBE644FD2C31AC890091F8CF /* Assets.xcassets */ = {isa = PBXFileReference; lastKnownFileType = folder.assetcatalog; path = Assets.xcassets; sourceTree = "<group>"; };
		BBE645002C31AC890091F8CF /* Preview Assets.xcassets */ = {isa = PBXFileReference; lastKnownFileType = folder.assetcatalog; path = "Preview Assets.xcassets"; sourceTree = "<group>"; };
		BBE645072C31B2A60091F8CF /* onBoardingScreenView.swift */ = {isa = PBXFileReference; lastKnownFileType = sourcecode.swift; path = onBoardingScreenView.swift; sourceTree = "<group>"; };
		BBE6450A2C31B2E40091F8CF /* HomeScreen.swift */ = {isa = PBXFileReference; lastKnownFileType = sourcecode.swift; path = HomeScreen.swift; sourceTree = "<group>"; };
/* End PBXFileReference section */

/* Begin PBXFrameworksBuildPhase section */
		BBE644F32C31AC870091F8CF /* Frameworks */ = {
			isa = PBXFrameworksBuildPhase;
			buildActionMask = 2147483647;
			files = (
			);
			runOnlyForDeploymentPostprocessing = 0;
		};
/* End PBXFrameworksBuildPhase section */

/* Begin PBXGroup section */
		BB048C992C32C31F00B92CBE /* model */ = {
			isa = PBXGroup;
			children = (
				BB048C9A2C32C36800B92CBE /* ImageData.swift */,
				BB048C9C2C32C37C00B92CBE /* NearYou.swift */,
			);
			path = model;
			sourceTree = "<group>";
		};
		BBE644ED2C31AC870091F8CF = {
			isa = PBXGroup;
			children = (
				BBE644F82C31AC870091F8CF /* fruitShop */,
				BBE644F72C31AC870091F8CF /* Products */,
			);
			sourceTree = "<group>";
		};
		BBE644F72C31AC870091F8CF /* Products */ = {
			isa = PBXGroup;
			children = (
				BBE644F62C31AC870091F8CF /* fruitShop.app */,
			);
			name = Products;
			sourceTree = "<group>";
		};
		BBE644F82C31AC870091F8CF /* fruitShop */ = {
			isa = PBXGroup;
			children = (
				BB048C992C32C31F00B92CBE /* model */,
				BBE644F92C31AC870091F8CF /* fruitShopApp.swift */,
				BBE644FB2C31AC870091F8CF /* ContentView.swift */,
				BBE645092C31B2D00091F8CF /* HomeScreenView */,
				BBE645072C31B2A60091F8CF /* onBoardingScreenView.swift */,
				BBE644FD2C31AC890091F8CF /* Assets.xcassets */,
				BBE644FF2C31AC890091F8CF /* Preview Content */,
			);
			path = fruitShop;
			sourceTree = "<group>";
		};
		BBE644FF2C31AC890091F8CF /* Preview Content */ = {
			isa = PBXGroup;
			children = (
				BBE645002C31AC890091F8CF /* Preview Assets.xcassets */,
			);
			path = "Preview Content";
			sourceTree = "<group>";
		};
		BBE645092C31B2D00091F8CF /* HomeScreenView */ = {
			isa = PBXGroup;
			children = (
				BBE6450A2C31B2E40091F8CF /* HomeScreen.swift */,
				BB048CA02C32E34B00B92CBE /* DetailView.swift */,
				BB048CA22C32E4D200B92CBE /* TopSellingView.swift */,
				BB048C9E2C32C60400B92CBE /* FruitCard.swift */,
			);
			path = HomeScreenView;
			sourceTree = "<group>";
		};
/* End PBXGroup section */

/* Begin PBXNativeTarget section */
		BBE644F52C31AC870091F8CF /* fruitShop */ = {
			isa = PBXNativeTarget;
			buildConfigurationList = BBE645042C31AC890091F8CF /* Build configuration list for PBXNativeTarget "fruitShop" */;
			buildPhases = (
				BBE644F22C31AC870091F8CF /* Sources */,
				BBE644F32C31AC870091F8CF /* Frameworks */,
				BBE644F42C31AC870091F8CF /* Resources */,
			);
			buildRules = (
			);
			dependencies = (
			);
			name = fruitShop;
			productName = fruitShop;
			productReference = BBE644F62C31AC870091F8CF /* fruitShop.app */;
			productType = "com.apple.product-type.application";
		};
/* End PBXNativeTarget section */

/* Begin PBXProject section */
		BBE644EE2C31AC870091F8CF /* Project object */ = {
			isa = PBXProject;
			attributes = {
				BuildIndependentTargetsInParallel = 1;
				LastSwiftUpdateCheck = 1530;
				LastUpgradeCheck = 1530;
				TargetAttributes = {
					BBE644F52C31AC870091F8CF = {
						CreatedOnToolsVersion = 15.3;
					};
				};
			};
			buildConfigurationList = BBE644F12C31AC870091F8CF /* Build configuration list for PBXProject "fruitShop" */;
			compatibilityVersion = "Xcode 14.0";
			developmentRegion = en;
			hasScannedForEncodings = 0;
			knownRegions = (
				en,
				Base,
			);
			mainGroup = BBE644ED2C31AC870091F8CF;
			productRefGroup = BBE644F72C31AC870091F8CF /* Products */;
			projectDirPath = "";
			projectRoot = "";
			targets = (
				BBE644F52C31AC870091F8CF /* fruitShop */,
			);
		};
/* End PBXProject section */

/* Begin PBXResourcesBuildPhase section */
		BBE644F42C31AC870091F8CF /* Resources */ = {
			isa = PBXResourcesBuildPhase;
			buildActionMask = 2147483647;
			files = (
				BBE645012C31AC890091F8CF /* Preview Assets.xcassets in Resources */,
				BBE644FE2C31AC890091F8CF /* Assets.xcassets in Resources */,
			);
			runOnlyForDeploymentPostprocessing = 0;
		};
/* End PBXResourcesBuildPhase section */

/* Begin PBXSourcesBuildPhase section */
		BBE644F22C31AC870091F8CF /* Sources */ = {
			isa = PBXSourcesBuildPhase;
			buildActionMask = 2147483647;
			files = (
				BB048C9F2C32C60400B92CBE /* FruitCard.swift in Sources */,
				BB048CA12C32E34B00B92CBE /* DetailView.swift in Sources */,
				BB048CA32C32E4D200B92CBE /* TopSellingView.swift in Sources */,
				BBE6450B2C31B2E40091F8CF /* HomeScreen.swift in Sources */,
				BBE644FC2C31AC870091F8CF /* ContentView.swift in Sources */,
				BBE645082C31B2A60091F8CF /* onBoardingScreenView.swift in Sources */,
				BB048C9D2C32C37C00B92CBE /* NearYou.swift in Sources */,
				BB048C9B2C32C36800B92CBE /* ImageData.swift in Sources */,
				BBE644FA2C31AC870091F8CF /* fruitShopApp.swift in Sources */,
			);
			runOnlyForDeploymentPostprocessing = 0;
		};
/* End PBXSourcesBuildPhase section */

/* Begin XCBuildConfiguration section */
		BBE645022C31AC890091F8CF /* Debug */ = {
			isa = XCBuildConfiguration;
			buildSettings = {
				ALWAYS_SEARCH_USER_PATHS = NO;
				ASSETCATALOG_COMPILER_GENERATE_SWIFT_ASSET_SYMBOL_EXTENSIONS = YES;
				CLANG_ANALYZER_NONNULL = YES;
				CLANG_ANALYZER_NUMBER_OBJECT_CONVERSION = YES_AGGRESSIVE;
				CLANG_CXX_LANGUAGE_STANDARD = "gnu++20";
				CLANG_ENABLE_MODULES = YES;
				CLANG_ENABLE_OBJC_ARC = YES;
				CLANG_ENABLE_OBJC_WEAK = YES;
				CLANG_WARN_BLOCK_CAPTURE_AUTORELEASING = YES;
				CLANG_WARN_BOOL_CONVERSION = YES;
				CLANG_WARN_COMMA = YES;
				CLANG_WARN_CONSTANT_CONVERSION = YES;
				CLANG_WARN_DEPRECATED_OBJC_IMPLEMENTATIONS = YES;
				CLANG_WARN_DIRECT_OBJC_ISA_USAGE = YES_ERROR;
				CLANG_WARN_DOCUMENTATION_COMMENTS = YES;
				CLANG_WARN_EMPTY_BODY = YES;
				CLANG_WARN_ENUM_CONVERSION = YES;
				CLANG_WARN_INFINITE_RECURSION = YES;
				CLANG_WARN_INT_CONVERSION = YES;
				CLANG_WARN_NON_LITERAL_NULL_CONVERSION = YES;
				CLANG_WARN_OBJC_IMPLICIT_RETAIN_SELF = YES;
				CLANG_WARN_OBJC_LITERAL_CONVERSION = YES;
				CLANG_WARN_OBJC_ROOT_CLASS = YES_ERROR;
				CLANG_WARN_QUOTED_INCLUDE_IN_FRAMEWORK_HEADER = YES;
				CLANG_WARN_RANGE_LOOP_ANALYSIS = YES;
				CLANG_WARN_STRICT_PROTOTYPES = YES;
				CLANG_WARN_SUSPICIOUS_MOVE = YES;
				CLANG_WARN_UNGUARDED_AVAILABILITY = YES_AGGRESSIVE;
				CLANG_WARN_UNREACHABLE_CODE = YES;
				CLANG_WARN__DUPLICATE_METHOD_MATCH = YES;
				COPY_PHASE_STRIP = NO;
				DEBUG_INFORMATION_FORMAT = dwarf;
				ENABLE_STRICT_OBJC_MSGSEND = YES;
				ENABLE_TESTABILITY = YES;
				ENABLE_USER_SCRIPT_SANDBOXING = YES;
				GCC_C_LANGUAGE_STANDARD = gnu17;
				GCC_DYNAMIC_NO_PIC = NO;
				GCC_NO_COMMON_BLOCKS = YES;
				GCC_OPTIMIZATION_LEVEL = 0;
				GCC_PREPROCESSOR_DEFINITIONS = (
					"DEBUG=1",
					"$(inherited)",
				);
				GCC_WARN_64_TO_32_BIT_CONVERSION = YES;
				GCC_WARN_ABOUT_RETURN_TYPE = YES_ERROR;
				GCC_WARN_UNDECLARED_SELECTOR = YES;
				GCC_WARN_UNINITIALIZED_AUTOS = YES_AGGRESSIVE;
				GCC_WARN_UNUSED_FUNCTION = YES;
				GCC_WARN_UNUSED_VARIABLE = YES;
				IPHONEOS_DEPLOYMENT_TARGET = 17.4;
				LOCALIZATION_PREFERS_STRING_CATALOGS = YES;
				MTL_ENABLE_DEBUG_INFO = INCLUDE_SOURCE;
				MTL_FAST_MATH = YES;
				ONLY_ACTIVE_ARCH = YES;
				SDKROOT = iphoneos;
				SWIFT_ACTIVE_COMPILATION_CONDITIONS = "DEBUG $(inherited)";
				SWIFT_OPTIMIZATION_LEVEL = "-Onone";
			};
			name = Debug;
		};
		BBE645032C31AC890091F8CF /* Release */ = {
			isa = XCBuildConfiguration;
			buildSettings = {
				ALWAYS_SEARCH_USER_PATHS = NO;
				ASSETCATALOG_COMPILER_GENERATE_SWIFT_ASSET_SYMBOL_EXTENSIONS = YES;
				CLANG_ANALYZER_NONNULL = YES;
				CLANG_ANALYZER_NUMBER_OBJECT_CONVERSION = YES_AGGRESSIVE;
				CLANG_CXX_LANGUAGE_STANDARD = "gnu++20";
				CLANG_ENABLE_MODULES = YES;
				CLANG_ENABLE_OBJC_ARC = YES;
				CLANG_ENABLE_OBJC_WEAK = YES;
				CLANG_WARN_BLOCK_CAPTURE_AUTORELEASING = YES;
				CLANG_WARN_BOOL_CONVERSION = YES;
				CLANG_WARN_COMMA = YES;
				CLANG_WARN_CONSTANT_CONVERSION = YES;
				CLANG_WARN_DEPRECATED_OBJC_IMPLEMENTATIONS = YES;
				CLANG_WARN_DIRECT_OBJC_ISA_USAGE = YES_ERROR;
				CLANG_WARN_DOCUMENTATION_COMMENTS = YES;
				CLANG_WARN_EMPTY_BODY = YES;
				CLANG_WARN_ENUM_CONVERSION = YES;
				CLANG_WARN_INFINITE_RECURSION = YES;
				CLANG_WARN_INT_CONVERSION = YES;
				CLANG_WARN_NON_LITERAL_NULL_CONVERSION = YES;
				CLANG_WARN_OBJC_IMPLICIT_RETAIN_SELF = YES;
				CLANG_WARN_OBJC_LITERAL_CONVERSION = YES;
				CLANG_WARN_OBJC_ROOT_CLASS = YES_ERROR;
				CLANG_WARN_QUOTED_INCLUDE_IN_FRAMEWORK_HEADER = YES;
				CLANG_WARN_RANGE_LOOP_ANALYSIS = YES;
				CLANG_WARN_STRICT_PROTOTYPES = YES;
				CLANG_WARN_SUSPICIOUS_MOVE = YES;
				CLANG_WARN_UNGUARDED_AVAILABILITY = YES_AGGRESSIVE;
				CLANG_WARN_UNREACHABLE_CODE = YES;
				CLANG_WARN__DUPLICATE_METHOD_MATCH = YES;
				COPY_PHASE_STRIP = NO;
				DEBUG_INFORMATION_FORMAT = "dwarf-with-dsym";
				ENABLE_NS_ASSERTIONS = NO;
				ENABLE_STRICT_OBJC_MSGSEND = YES;
				ENABLE_USER_SCRIPT_SANDBOXING = YES;
				GCC_C_LANGUAGE_STANDARD = gnu17;
				GCC_NO_COMMON_BLOCKS = YES;
				GCC_WARN_64_TO_32_BIT_CONVERSION = YES;
				GCC_WARN_ABOUT_RETURN_TYPE = YES_ERROR;
				GCC_WARN_UNDECLARED_SELECTOR = YES;
				GCC_WARN_UNINITIALIZED_AUTOS = YES_AGGRESSIVE;
				GCC_WARN_UNUSED_FUNCTION = YES;
				GCC_WARN_UNUSED_VARIABLE = YES;
				IPHONEOS_DEPLOYMENT_TARGET = 17.4;
				LOCALIZATION_PREFERS_STRING_CATALOGS = YES;
				MTL_ENABLE_DEBUG_INFO = NO;
				MTL_FAST_MATH = YES;
				SDKROOT = iphoneos;
				SWIFT_COMPILATION_MODE = wholemodule;
				VALIDATE_PRODUCT = YES;
			};
			name = Release;
		};
		BBE645052C31AC890091F8CF /* Debug */ = {
			isa = XCBuildConfiguration;
			buildSettings = {
				ASSETCATALOG_COMPILER_APPICON_NAME = AppIcon;
				ASSETCATALOG_COMPILER_GLOBAL_ACCENT_COLOR_NAME = AccentColor;
				CODE_SIGN_STYLE = Automatic;
				CURRENT_PROJECT_VERSION = 1;
				DEVELOPMENT_ASSET_PATHS = "\"fruitShop/Preview Content\"";
				ENABLE_PREVIEWS = YES;
				GENERATE_INFOPLIST_FILE = YES;
				INFOPLIST_KEY_UIApplicationSceneManifest_Generation = YES;
				INFOPLIST_KEY_UIApplicationSupportsIndirectInputEvents = YES;
				INFOPLIST_KEY_UILaunchScreen_Generation = YES;
				INFOPLIST_KEY_UISupportedInterfaceOrientations_iPad = "UIInterfaceOrientationPortrait UIInterfaceOrientationPortraitUpsideDown UIInterfaceOrientationLandscapeLeft UIInterfaceOrientationLandscapeRight";
				INFOPLIST_KEY_UISupportedInterfaceOrientations_iPhone = "UIInterfaceOrientationPortrait UIInterfaceOrientationLandscapeLeft UIInterfaceOrientationLandscapeRight";
				LD_RUNPATH_SEARCH_PATHS = (
					"$(inherited)",
					"@executable_path/Frameworks",
				);
				MARKETING_VERSION = 1.0;
				PRODUCT_BUNDLE_IDENTIFIER = com.demo.fruitShop;
				PRODUCT_NAME = "$(TARGET_NAME)";
				SWIFT_EMIT_LOC_STRINGS = YES;
				SWIFT_VERSION = 5.0;
				TARGETED_DEVICE_FAMILY = "1,2";
			};
			name = Debug;
		};
		BBE645062C31AC890091F8CF /* Release */ = {
			isa = XCBuildConfiguration;
			buildSettings = {
				ASSETCATALOG_COMPILER_APPICON_NAME = AppIcon;
				ASSETCATALOG_COMPILER_GLOBAL_ACCENT_COLOR_NAME = AccentColor;
				CODE_SIGN_STYLE = Automatic;
				CURRENT_PROJECT_VERSION = 1;
				DEVELOPMENT_ASSET_PATHS = "\"fruitShop/Preview Content\"";
				ENABLE_PREVIEWS = YES;
				GENERATE_INFOPLIST_FILE = YES;
				INFOPLIST_KEY_UIApplicationSceneManifest_Generation = YES;
				INFOPLIST_KEY_UIApplicationSupportsIndirectInputEvents = YES;
				INFOPLIST_KEY_UILaunchScreen_Generation = YES;
				INFOPLIST_KEY_UISupportedInterfaceOrientations_iPad = "UIInterfaceOrientationPortrait UIInterfaceOrientationPortraitUpsideDown UIInterfaceOrientationLandscapeLeft UIInterfaceOrientationLandscapeRight";
				INFOPLIST_KEY_UISupportedInterfaceOrientations_iPhone = "UIInterfaceOrientationPortrait UIInterfaceOrientationLandscapeLeft UIInterfaceOrientationLandscapeRight";
				LD_RUNPATH_SEARCH_PATHS = (
					"$(inherited)",
					"@executable_path/Frameworks",
				);
				MARKETING_VERSION = 1.0;
				PRODUCT_BUNDLE_IDENTIFIER = com.demo.fruitShop;
				PRODUCT_NAME = "$(TARGET_NAME)";
				SWIFT_EMIT_LOC_STRINGS = YES;
				SWIFT_VERSION = 5.0;
				TARGETED_DEVICE_FAMILY = "1,2";
			};
			name = Release;
		};
/* End XCBuildConfiguration section */

/* Begin XCConfigurationList section */
		BBE644F12C31AC870091F8CF /* Build configuration list for PBXProject "fruitShop" */ = {
			isa = XCConfigurationList;
			buildConfigurations = (
				BBE645022C31AC890091F8CF /* Debug */,
				BBE645032C31AC890091F8CF /* Release */,
			);
			defaultConfigurationIsVisible = 0;
			defaultConfigurationName = Release;
		};
		BBE645042C31AC890091F8CF /* Build configuration list for PBXNativeTarget "fruitShop" */ = {
			isa = XCConfigurationList;
			buildConfigurations = (
				BBE645052C31AC890091F8CF /* Debug */,
				BBE645062C31AC890091F8CF /* Release */,
			);
			defaultConfigurationIsVisible = 0;
			defaultConfigurationName = Release;
		};
/* End XCConfigurationList section */
	};
	rootObject = BBE644EE2C31AC870091F8CF /* Project object */;
}
